// !$*UTF8*$!
{
	archiveVersion = 1;
	classes = {
	};
	objectVersion = 50;
	objects = {

/* Begin PBXBuildFile section */
		0CB81CD02504F0700010CA06 /* AppDelegate.swift in Sources */ = {isa = PBXBuildFile; fileRef = 0CB81CCF2504F0700010CA06 /* AppDelegate.swift */; };
		0CB81CD22504F0700010CA06 /* SceneDelegate.swift in Sources */ = {isa = PBXBuildFile; fileRef = 0CB81CD12504F0700010CA06 /* SceneDelegate.swift */; };
		0CB81CD72504F0700010CA06 /* Main.storyboard in Resources */ = {isa = PBXBuildFile; fileRef = 0CB81CD52504F0700010CA06 /* Main.storyboard */; };
		0CB81CD92504F0720010CA06 /* Assets.xcassets in Resources */ = {isa = PBXBuildFile; fileRef = 0CB81CD82504F0720010CA06 /* Assets.xcassets */; };
		0CB81CDC2504F0720010CA06 /* LaunchScreen.storyboard in Resources */ = {isa = PBXBuildFile; fileRef = 0CB81CDA2504F0720010CA06 /* LaunchScreen.storyboard */; };
		0CB81CE42504F5280010CA06 /* TableViewCell.swift in Sources */ = {isa = PBXBuildFile; fileRef = 0CB81CE32504F5280010CA06 /* TableViewCell.swift */; };
		0CB81CE62504F6B20010CA06 /* TableViewController.swift in Sources */ = {isa = PBXBuildFile; fileRef = 0CB81CE52504F6B20010CA06 /* TableViewController.swift */; };
		0CB81CE8250506E50010CA06 /* Youtube.swift in Sources */ = {isa = PBXBuildFile; fileRef = 0CB81CE7250506E50010CA06 /* Youtube.swift */; };
		0CB81CEA250790C60010CA06 /* DetailViewController.swift in Sources */ = {isa = PBXBuildFile; fileRef = 0CB81CE9250790C50010CA06 /* DetailViewController.swift */; };
		0CB81CEE2507C0C30010CA06 /* YTPlayerView.m in Sources */ = {isa = PBXBuildFile; fileRef = 0CB81CED2507C0C30010CA06 /* YTPlayerView.m */; };
		0CB81CF02507C1740010CA06 /* Assets in Resources */ = {isa = PBXBuildFile; fileRef = 0CB81CEF2507C1740010CA06 /* Assets */; };
/* End PBXBuildFile section */

/* Begin PBXFileReference section */
		0CB81CCC2504F0700010CA06 /* YoutubeApi.app */ = {isa = PBXFileReference; explicitFileType = wrapper.application; includeInIndex = 0; path = YoutubeApi.app; sourceTree = BUILT_PRODUCTS_DIR; };
		0CB81CCF2504F0700010CA06 /* AppDelegate.swift */ = {isa = PBXFileReference; lastKnownFileType = sourcecode.swift; path = AppDelegate.swift; sourceTree = "<group>"; };
		0CB81CD12504F0700010CA06 /* SceneDelegate.swift */ = {isa = PBXFileReference; lastKnownFileType = sourcecode.swift; path = SceneDelegate.swift; sourceTree = "<group>"; };
		0CB81CD62504F0700010CA06 /* Base */ = {isa = PBXFileReference; lastKnownFileType = file.storyboard; name = Base; path = Base.lproj/Main.storyboard; sourceTree = "<group>"; };
		0CB81CD82504F0720010CA06 /* Assets.xcassets */ = {isa = PBXFileReference; lastKnownFileType = folder.assetcatalog; path = Assets.xcassets; sourceTree = "<group>"; };
		0CB81CDB2504F0720010CA06 /* Base */ = {isa = PBXFileReference; lastKnownFileType = file.storyboard; name = Base; path = Base.lproj/LaunchScreen.storyboard; sourceTree = "<group>"; };
		0CB81CDD2504F0720010CA06 /* Info.plist */ = {isa = PBXFileReference; lastKnownFileType = text.plist.xml; path = Info.plist; sourceTree = "<group>"; };
		0CB81CE32504F5280010CA06 /* TableViewCell.swift */ = {isa = PBXFileReference; lastKnownFileType = sourcecode.swift; path = TableViewCell.swift; sourceTree = "<group>"; };
		0CB81CE52504F6B20010CA06 /* TableViewController.swift */ = {isa = PBXFileReference; lastKnownFileType = sourcecode.swift; path = TableViewController.swift; sourceTree = "<group>"; };
		0CB81CE7250506E50010CA06 /* Youtube.swift */ = {isa = PBXFileReference; lastKnownFileType = sourcecode.swift; path = Youtube.swift; sourceTree = "<group>"; };
		0CB81CE9250790C50010CA06 /* DetailViewController.swift */ = {isa = PBXFileReference; lastKnownFileType = sourcecode.swift; path = DetailViewController.swift; sourceTree = "<group>"; };
		0CB81CEB2507C0C20010CA06 /* YoutubeApi-Bridging-Header.h */ = {isa = PBXFileReference; lastKnownFileType = sourcecode.c.h; path = "YoutubeApi-Bridging-Header.h"; sourceTree = "<group>"; };
		0CB81CEC2507C0C30010CA06 /* YTPlayerView.h */ = {isa = PBXFileReference; fileEncoding = 4; lastKnownFileType = sourcecode.c.h; path = YTPlayerView.h; sourceTree = "<group>"; };
		0CB81CED2507C0C30010CA06 /* YTPlayerView.m */ = {isa = PBXFileReference; fileEncoding = 4; lastKnownFileType = sourcecode.c.objc; path = YTPlayerView.m; sourceTree = "<group>"; };
		0CB81CEF2507C1740010CA06 /* Assets */ = {isa = PBXFileReference; lastKnownFileType = folder; path = Assets; sourceTree = "<group>"; };
/* End PBXFileReference section */

/* Begin PBXFrameworksBuildPhase section */
		0CB81CC92504F0700010CA06 /* Frameworks */ = {
			isa = PBXFrameworksBuildPhase;
			buildActionMask = 2147483647;
			files = (
			);
			runOnlyForDeploymentPostprocessing = 0;
		};
/* End PBXFrameworksBuildPhase section */

/* Begin PBXGroup section */
		0CB81CC32504F0700010CA06 = {
			isa = PBXGroup;
			children = (
				0CB81CCE2504F0700010CA06 /* YoutubeApi */,
				0CB81CCD2504F0700010CA06 /* Products */,
				0CB81CEC2507C0C30010CA06 /* YTPlayerView.h */,
				0CB81CED2507C0C30010CA06 /* YTPlayerView.m */,
				0CB81CEB2507C0C20010CA06 /* YoutubeApi-Bridging-Header.h */,
				0CB81CEF2507C1740010CA06 /* Assets */,
			);
			sourceTree = "<group>";
		};
		0CB81CCD2504F0700010CA06 /* Products */ = {
			isa = PBXGroup;
			children = (
				0CB81CCC2504F0700010CA06 /* YoutubeApi.app */,
			);
			name = Products;
			sourceTree = "<group>";
		};
		0CB81CCE2504F0700010CA06 /* YoutubeApi */ = {
			isa = PBXGroup;
			children = (
				0CB81CCF2504F0700010CA06 /* AppDelegate.swift */,
				0CB81CD12504F0700010CA06 /* SceneDelegate.swift */,
				0CB81CE32504F5280010CA06 /* TableViewCell.swift */,
				0CB81CE52504F6B20010CA06 /* TableViewController.swift */,
				0CB81CE9250790C50010CA06 /* DetailViewController.swift */,
				0CB81CE7250506E50010CA06 /* Youtube.swift */,
				0CB81CD52504F0700010CA06 /* Main.storyboard */,
				0CB81CD82504F0720010CA06 /* Assets.xcassets */,
				0CB81CDA2504F0720010CA06 /* LaunchScreen.storyboard */,
				0CB81CDD2504F0720010CA06 /* Info.plist */,
			);
			path = YoutubeApi;
			sourceTree = "<group>";
		};
/* End PBXGroup section */

/* Begin PBXNativeTarget section */
		0CB81CCB2504F0700010CA06 /* YoutubeApi */ = {
			isa = PBXNativeTarget;
			buildConfigurationList = 0CB81CE02504F0720010CA06 /* Build configuration list for PBXNativeTarget "YoutubeApi" */;
			buildPhases = (
				0CB81CC82504F0700010CA06 /* Sources */,
				0CB81CC92504F0700010CA06 /* Frameworks */,
				0CB81CCA2504F0700010CA06 /* Resources */,
			);
			buildRules = (
			);
			dependencies = (
			);
			name = YoutubeApi;
			productName = YoutubeApi;
			productReference = 0CB81CCC2504F0700010CA06 /* YoutubeApi.app */;
			productType = "com.apple.product-type.application";
		};
/* End PBXNativeTarget section */

/* Begin PBXProject section */
		0CB81CC42504F0700010CA06 /* Project object */ = {
			isa = PBXProject;
			attributes = {
				LastSwiftUpdateCheck = 1170;
				LastUpgradeCheck = 1170;
				ORGANIZATIONNAME = "Yuan-Che Chang";
				TargetAttributes = {
					0CB81CCB2504F0700010CA06 = {
						CreatedOnToolsVersion = 11.7;
						LastSwiftMigration = 1170;
					};
				};
			};
			buildConfigurationList = 0CB81CC72504F0700010CA06 /* Build configuration list for PBXProject "YoutubeApi" */;
			compatibilityVersion = "Xcode 9.3";
			developmentRegion = en;
			hasScannedForEncodings = 0;
			knownRegions = (
				en,
				Base,
			);
			mainGroup = 0CB81CC32504F0700010CA06;
			productRefGroup = 0CB81CCD2504F0700010CA06 /* Products */;
			projectDirPath = "";
			projectRoot = "";
			targets = (
				0CB81CCB2504F0700010CA06 /* YoutubeApi */,
			);
		};
/* End PBXProject section */

/* Begin PBXResourcesBuildPhase section */
		0CB81CCA2504F0700010CA06 /* Resources */ = {
			isa = PBXResourcesBuildPhase;
			buildActionMask = 2147483647;
			files = (
				0CB81CDC2504F0720010CA06 /* LaunchScreen.storyboard in Resources */,
				0CB81CF02507C1740010CA06 /* Assets in Resources */,
				0CB81CD92504F0720010CA06 /* Assets.xcassets in Resources */,
				0CB81CD72504F0700010CA06 /* Main.storyboard in Resources */,
			);
			runOnlyForDeploymentPostprocessing = 0;
		};
/* End PBXResourcesBuildPhase section */

/* Begin PBXSourcesBuildPhase section */
		0CB81CC82504F0700010CA06 /* Sources */ = {
			isa = PBXSourcesBuildPhase;
			buildActionMask = 2147483647;
			files = (
				0CB81CE42504F5280010CA06 /* TableViewCell.swift in Sources */,
				0CB81CD02504F0700010CA06 /* AppDelegate.swift in Sources */,
				0CB81CD22504F0700010CA06 /* SceneDelegate.swift in Sources */,
				0CB81CEA250790C60010CA06 /* DetailViewController.swift in Sources */,
				0CB81CE8250506E50010CA06 /* Youtube.swift in Sources */,
				0CB81CE62504F6B20010CA06 /* TableViewController.swift in Sources */,
				0CB81CEE2507C0C30010CA06 /* YTPlayerView.m in Sources */,
			);
			runOnlyForDeploymentPostprocessing = 0;
		};
/* End PBXSourcesBuildPhase section */

/* Begin PBXVariantGroup section */
		0CB81CD52504F0700010CA06 /* Main.storyboard */ = {
			isa = PBXVariantGroup;
			children = (
				0CB81CD62504F0700010CA06 /* Base */,
			);
			name = Main.storyboard;
			sourceTree = "<group>";
		};
		0CB81CDA2504F0720010CA06 /* LaunchScreen.storyboard */ = {
			isa = PBXVariantGroup;
			children = (
				0CB81CDB2504F0720010CA06 /* Base */,
			);
			name = LaunchScreen.storyboard;
			sourceTree = "<group>";
		};
/* End PBXVariantGroup section */

/* Begin XCBuildConfiguration section */
		0CB81CDE2504F0720010CA06 /* Debug */ = {
			isa = XCBuildConfiguration;
			buildSettings = {
				ALWAYS_SEARCH_USER_PATHS = NO;
				CLANG_ANALYZER_NONNULL = YES;
				CLANG_ANALYZER_NUMBER_OBJECT_CONVERSION = YES_AGGRESSIVE;
				CLANG_CXX_LANGUAGE_STANDARD = "gnu++14";
				CLANG_CXX_LIBRARY = "libc++";
				CLANG_ENABLE_MODULES = YES;
				CLANG_ENABLE_OBJC_ARC = YES;
				CLANG_ENABLE_OBJC_WEAK = YES;
				CLANG_WARN_BLOCK_CAPTURE_AUTORELEASING = YES;
				CLANG_WARN_BOOL_CONVERSION = YES;
				CLANG_WARN_COMMA = YES;
				CLANG_WARN_CONSTANT_CONVERSION = YES;
				CLANG_WARN_DEPRECATED_OBJC_IMPLEMENTATIONS = YES;
				CLANG_WARN_DIRECT_OBJC_ISA_USAGE = YES_ERROR;
				CLANG_WARN_DOCUMENTATION_COMMENTS = YES;
				CLANG_WARN_EMPTY_BODY = YES;
				CLANG_WARN_ENUM_CONVERSION = YES;
				CLANG_WARN_INFINITE_RECURSION = YES;
				CLANG_WARN_INT_CONVERSION = YES;
				CLANG_WARN_NON_LITERAL_NULL_CONVERSION = YES;
				CLANG_WARN_OBJC_IMPLICIT_RETAIN_SELF = YES;
				CLANG_WARN_OBJC_LITERAL_CONVERSION = YES;
				CLANG_WARN_OBJC_ROOT_CLASS = YES_ERROR;
				CLANG_WARN_RANGE_LOOP_ANALYSIS = YES;
				CLANG_WARN_STRICT_PROTOTYPES = YES;
				CLANG_WARN_SUSPICIOUS_MOVE = YES;
				CLANG_WARN_UNGUARDED_AVAILABILITY = YES_AGGRESSIVE;
				CLANG_WARN_UNREACHABLE_CODE = YES;
				CLANG_WARN__DUPLICATE_METHOD_MATCH = YES;
				COPY_PHASE_STRIP = NO;
				DEBUG_INFORMATION_FORMAT = dwarf;
				ENABLE_STRICT_OBJC_MSGSEND = YES;
				ENABLE_TESTABILITY = YES;
				GCC_C_LANGUAGE_STANDARD = gnu11;
				GCC_DYNAMIC_NO_PIC = NO;
				GCC_NO_COMMON_BLOCKS = YES;
				GCC_OPTIMIZATION_LEVEL = 0;
				GCC_PREPROCESSOR_DEFINITIONS = (
					"DEBUG=1",
					"$(inherited)",
				);
				GCC_WARN_64_TO_32_BIT_CONVERSION = YES;
				GCC_WARN_ABOUT_RETURN_TYPE = YES_ERROR;
				GCC_WARN_UNDECLARED_SELECTOR = YES;
				GCC_WARN_UNINITIALIZED_AUTOS = YES_AGGRESSIVE;
				GCC_WARN_UNUSED_FUNCTION = YES;
				GCC_WARN_UNUSED_VARIABLE = YES;
				IPHONEOS_DEPLOYMENT_TARGET = 13.7;
				MTL_ENABLE_DEBUG_INFO = INCLUDE_SOURCE;
				MTL_FAST_MATH = YES;
				ONLY_ACTIVE_ARCH = YES;
				SDKROOT = iphoneos;
				SWIFT_ACTIVE_COMPILATION_CONDITIONS = DEBUG;
				SWIFT_OPTIMIZATION_LEVEL = "-Onone";
			};
			name = Debug;
		};
		0CB81CDF2504F0720010CA06 /* Release */ = {
			isa = XCBuildConfiguration;
			buildSettings = {
				ALWAYS_SEARCH_USER_PATHS = NO;
				CLANG_ANALYZER_NONNULL = YES;
				CLANG_ANALYZER_NUMBER_OBJECT_CONVERSION = YES_AGGRESSIVE;
				CLANG_CXX_LANGUAGE_STANDARD = "gnu++14";
				CLANG_CXX_LIBRARY = "libc++";
				CLANG_ENABLE_MODULES = YES;
				CLANG_ENABLE_OBJC_ARC = YES;
				CLANG_ENABLE_OBJC_WEAK = YES;
				CLANG_WARN_BLOCK_CAPTURE_AUTORELEASING = YES;
				CLANG_WARN_BOOL_CONVERSION = YES;
				CLANG_WARN_COMMA = YES;
				CLANG_WARN_CONSTANT_CONVERSION = YES;
				CLANG_WARN_DEPRECATED_OBJC_IMPLEMENTATIONS = YES;
				CLANG_WARN_DIRECT_OBJC_ISA_USAGE = YES_ERROR;
				CLANG_WARN_DOCUMENTATION_COMMENTS = YES;
				CLANG_WARN_EMPTY_BODY = YES;
				CLANG_WARN_ENUM_CONVERSION = YES;
				CLANG_WARN_INFINITE_RECURSION = YES;
				CLANG_WARN_INT_CONVERSION = YES;
				CLANG_WARN_NON_LITERAL_NULL_CONVERSION = YES;
				CLANG_WARN_OBJC_IMPLICIT_RETAIN_SELF = YES;
				CLANG_WARN_OBJC_LITERAL_CONVERSION = YES;
				CLANG_WARN_OBJC_ROOT_CLASS = YES_ERROR;
				CLANG_WARN_RANGE_LOOP_ANALYSIS = YES;
				CLANG_WARN_STRICT_PROTOTYPES = YES;
				CLANG_WARN_SUSPICIOUS_MOVE = YES;
				CLANG_WARN_UNGUARDED_AVAILABILITY = YES_AGGRESSIVE;
				CLANG_WARN_UNREACHABLE_CODE = YES;
				CLANG_WARN__DUPLICATE_METHOD_MATCH = YES;
				COPY_PHASE_STRIP = NO;
				DEBUG_INFORMATION_FORMAT = "dwarf-with-dsym";
				ENABLE_NS_ASSERTIONS = NO;
				ENABLE_STRICT_OBJC_MSGSEND = YES;
				GCC_C_LANGUAGE_STANDARD = gnu11;
				GCC_NO_COMMON_BLOCKS = YES;
				GCC_WARN_64_TO_32_BIT_CONVERSION = YES;
				GCC_WARN_ABOUT_RETURN_TYPE = YES_ERROR;
				GCC_WARN_UNDECLARED_SELECTOR = YES;
				GCC_WARN_UNINITIALIZED_AUTOS = YES_AGGRESSIVE;
				GCC_WARN_UNUSED_FUNCTION = YES;
				GCC_WARN_UNUSED_VARIABLE = YES;
				IPHONEOS_DEPLOYMENT_TARGET = 13.7;
				MTL_ENABLE_DEBUG_INFO = NO;
				MTL_FAST_MATH = YES;
				SDKROOT = iphoneos;
				SWIFT_COMPILATION_MODE = wholemodule;
				SWIFT_OPTIMIZATION_LEVEL = "-O";
				VALIDATE_PRODUCT = YES;
			};
			name = Release;
		};
		0CB81CE12504F0720010CA06 /* Debug */ = {
			isa = XCBuildConfiguration;
			buildSettings = {
				ASSETCATALOG_COMPILER_APPICON_NAME = AppIcon;
				CLANG_ENABLE_MODULES = YES;
				CODE_SIGN_IDENTITY = "iPhone Developer";
				CODE_SIGN_STYLE = Manual;
				DEVELOPMENT_TEAM = N8KSD66U34;
				INFOPLIST_FILE = YoutubeApi/Info.plist;
				IPHONEOS_DEPLOYMENT_TARGET = 13.4;
				LD_RUNPATH_SEARCH_PATHS = (
					"$(inherited)",
					"@executable_path/Frameworks",
				);
				PRODUCT_BUNDLE_IDENTIFIER = class.ep101.YoutubeApi;
				PRODUCT_NAME = "$(TARGET_NAME)";
				PROVISIONING_PROFILE_SPECIFIER = EP101;
				SWIFT_OBJC_BRIDGING_HEADER = "YoutubeApi-Bridging-Header.h";
				SWIFT_OPTIMIZATION_LEVEL = "-Onone";
				SWIFT_VERSION = 5.0;
				TARGETED_DEVICE_FAMILY = "1,2";
			};
			name = Debug;
		};
		0CB81CE22504F0720010CA06 /* Release */ = {
			isa = XCBuildConfiguration;
			buildSettings = {
				ASSETCATALOG_COMPILER_APPICON_NAME = AppIcon;
				CLANG_ENABLE_MODULES = YES;
				CODE_SIGN_IDENTITY = "iPhone Developer";
				CODE_SIGN_STYLE = Manual;
				DEVELOPMENT_TEAM = N8KSD66U34;
				INFOPLIST_FILE = YoutubeApi/Info.plist;
				IPHONEOS_DEPLOYMENT_TARGET = 13.4;
				LD_RUNPATH_SEARCH_PATHS = (
					"$(inherited)",
					"@executable_path/Frameworks",
				);
				PRODUCT_BUNDLE_IDENTIFIER = class.ep101.YoutubeApi;
				PRODUCT_NAME = "$(TARGET_NAME)";
				PROVISIONING_PROFILE_SPECIFIER = EP101;
				SWIFT_OBJC_BRIDGING_HEADER = "YoutubeApi-Bridging-Header.h";
				SWIFT_VERSION = 5.0;
				TARGETED_DEVICE_FAMILY = "1,2";
			};
			name = Release;
		};
/* End XCBuildConfiguration section */

/* Begin XCConfigurationList section */
		0CB81CC72504F0700010CA06 /* Build configuration list for PBXProject "YoutubeApi" */ = {
			isa = XCConfigurationList;
			buildConfigurations = (
				0CB81CDE2504F0720010CA06 /* Debug */,
				0CB81CDF2504F0720010CA06 /* Release */,
			);
			defaultConfigurationIsVisible = 0;
			defaultConfigurationName = Release;
		};
		0CB81CE02504F0720010CA06 /* Build configuration list for PBXNativeTarget "YoutubeApi" */ = {
			isa = XCConfigurationList;
			buildConfigurations = (
				0CB81CE12504F0720010CA06 /* Debug */,
				0CB81CE22504F0720010CA06 /* Release */,
			);
			defaultConfigurationIsVisible = 0;
			defaultConfigurationName = Release;
		};
/* End XCConfigurationList section */
	};
	rootObject = 0CB81CC42504F0700010CA06 /* Project object */;
}
